
Microsoft Visual Studio Solution File, Format Version 12.00
# Visual Studio Version 17
VisualStudioVersion = 17.6.33829.357
MinimumVisualStudioVersion = 10.0.40219.1
Project("{9A19103F-16F7-4668-BE54-9A1E7A4F7556}") = "ASP.NET Project", "ASP.NET Project\ASP.NET Project.csproj", "{C0A5DF2A-C68C-4033-921C-144513E53E46}"
EndProject
Project("{9A19103F-16F7-4668-BE54-9A1E7A4F7556}") = "Data", "Data\Data.csproj", "{08FB59B2-ABB2-40CE-944B-D15505FE0530}"
EndProject
Project("{FAE04EC0-301F-11D3-BF4B-00C04F79EFBC}") = "BusinessLayer", "BusinessLayer\BusinessLayer.csproj", "{1BAF3308-EA66-4159-8182-0D203C16F1A9}"
EndProject
Project("{FAE04EC0-301F-11D3-BF4B-00C04F79EFBC}") = "PresentationLayer", "PresentationLayer\PresentationLayer.csproj", "{709AD817-B587-4134-A50A-5FA25E47BB3A}"
EndProject
Global
	GlobalSection(SolutionConfigurationPlatforms) = preSolution
		Debug|Any CPU = Debug|Any CPU
		Release|Any CPU = Release|Any CPU
	EndGlobalSection
	GlobalSection(ProjectConfigurationPlatforms) = postSolution
		{C0A5DF2A-C68C-4033-921C-144513E53E46}.Debug|Any CPU.ActiveCfg = Debug|Any CPU
		{C0A5DF2A-C68C-4033-921C-144513E53E46}.Debug|Any CPU.Build.0 = Debug|Any CPU
		{C0A5DF2A-C68C-4033-921C-144513E53E46}.Release|Any CPU.ActiveCfg = Release|Any CPU
		{C0A5DF2A-C68C-4033-921C-144513E53E46}.Release|Any CPU.Build.0 = Release|Any CPU
		{08FB59B2-ABB2-40CE-944B-D15505FE0530}.Debug|Any CPU.ActiveCfg = Debug|Any CPU
		{08FB59B2-ABB2-40CE-944B-D15505FE0530}.Debug|Any CPU.Build.0 = Debug|Any CPU
		{08FB59B2-ABB2-40CE-944B-D15505FE0530}.Release|Any CPU.ActiveCfg = Release|Any CPU
		{08FB59B2-ABB2-40CE-944B-D15505FE0530}.Release|Any CPU.Build.0 = Release|Any CPU
		{1BAF3308-EA66-4159-8182-0D203C16F1A9}.Debug|Any CPU.ActiveCfg = Debug|Any CPU
		{1BAF3308-EA66-4159-8182-0D203C16F1A9}.Debug|Any CPU.Build.0 = Debug|Any CPU
		{1BAF3308-EA66-4159-8182-0D203C16F1A9}.Release|Any CPU.ActiveCfg = Release|Any CPU
		{1BAF3308-EA66-4159-8182-0D203C16F1A9}.Release|Any CPU.Build.0 = Release|Any CPU
		{709AD817-B587-4134-A50A-5FA25E47BB3A}.Debug|Any CPU.ActiveCfg = Debug|Any CPU
		{709AD817-B587-4134-A50A-5FA25E47BB3A}.Debug|Any CPU.Build.0 = Debug|Any CPU
		{709AD817-B587-4134-A50A-5FA25E47BB3A}.Release|Any CPU.ActiveCfg = Release|Any CPU
		{709AD817-B587-4134-A50A-5FA25E47BB3A}.Release|Any CPU.Build.0 = Release|Any CPU
	EndGlobalSection
	GlobalSection(SolutionProperties) = preSolution
		HideSolutionNode = FALSE
	EndGlobalSection
	GlobalSection(ExtensibilityGlobals) = postSolution
		SolutionGuid = {C17AF5A6-8559-40DE-B21C-B7BC0E40CCEA}
	EndGlobalSection
EndGlobal
